PODS:
  - Realm (2.4.3):
    - Realm/Headers (= 2.4.3)
  - Realm/Headers (2.4.3)
  - RealmLoginKit (0.0.11):
    - Realm
    - TORoundedTableView
  - TORoundedTableView (0.0.3)

DEPENDENCIES:
  - Realm
  - RealmLoginKit

SPEC CHECKSUMS:
  Realm: e08d60b0048ccccd3949c8c28a92c4db5712d7e9
  RealmLoginKit: 3a1b3614e43e1b8553d032fcdfbe2f1280d0860c
  TORoundedTableView: 4155565233135d81d6626a0c4ecfba27991cf2b1

PODFILE CHECKSUM: bccdfd12925bb0593197879ddee995027a15ea13

COCOAPODS: 1.2.0
