PODS:
  - Realm (3.0.0-rc.1):
    - Realm/Headers (= 3.0.0-rc.1)
  - Realm/Headers (3.0.0-rc.1)
  - RealmLoginKit (0.1.3):
    - Realm
    - RealmLoginKit/Core (= 0.1.3)
    - TORoundedTableView
  - RealmLoginKit/Core (0.1.3):
    - Realm
    - TORoundedTableView
  - TORoundedTableView (0.1.3)

DEPENDENCIES:
  - Realm (= 3.0.0-rc.1)
  - RealmLoginKit

SPEC CHECKSUMS:
  Realm: f79164edf2fb3807debe2fd2132ae15ed642d0a6
  RealmLoginKit: 646d412bb28b8319235fb48e54ed6d6e57b98e17
  TORoundedTableView: cd1437ef81ab3888dea8c06d2dfe4795bcaac768

PODFILE CHECKSUM: e2abeccdd7303494cac9c611b79e6a3317628384

COCOAPODS: 1.2.1
